# THIS IS AN AUTOGENERATED FILE. DO NOT EDIT THIS FILE DIRECTLY.
# yarn lockfile v1


dockerlint@^0.3.9:
  version "0.3.9"
  resolved "https://registry.yarnpkg.com/dockerlint/-/dockerlint-0.3.9.tgz#2cc4965a85162d437bf077d509d64a3fb99bbce1"
  dependencies:
    sty "^0.6.1"
    subarg "^1.0.0"

minimist@^1.1.0:
  version "1.2.0"
  resolved "https://registry.yarnpkg.com/minimist/-/minimist-1.2.0.tgz#a35008b20f41383eec1fb914f4cd5df79a264284"

sty@^0.6.1:
  version "0.6.1"
  resolved "https://registry.yarnpkg.com/sty/-/sty-0.6.1.tgz#de3fb9ae570bc60a7447245f0dec31213ea2d5a8"

subarg@^1.0.0:
  version "1.0.0"
  resolved "https://registry.yarnpkg.com/subarg/-/subarg-1.0.0.tgz#f62cf17581e996b48fc965699f54c06ae268b8d2"
  dependencies:
    minimist "^1.1.0"
