# THIS IS AN AUTOGENERATED FILE. DO NOT EDIT THIS FILE DIRECTLY.
# yarn lockfile v1


JSONStream@1.3.2:
  version "1.3.2"
  resolved "https://registry.yarnpkg.com/JSONStream/-/JSONStream-1.3.2.tgz#c102371b6ec3a7cf3b847ca00c20bb0fce4c6dea"
  integrity sha1-wQI3G27Dp887hHygDCC7D85Mbeo=
  dependencies:
    jsonparse "^1.2.0"
    through ">=2.2.7 <3"

"argparse@~ 1.0.0":
  version "1.0.10"
  resolved "https://registry.yarnpkg.com/argparse/-/argparse-1.0.10.tgz#bcd6791ea5ae09725e17e5ad988134cd40b3d911"
  integrity sha512-o5Roy6tNG4SL/FOkCAN6RzjiakZS25RLYFrcMttJqbdd8BWrnA+fGz57iN5Pb06pvBGvl5gQ0B48dJlslXvoTg==
  dependencies:
    sprintf-js "~1.0.2"

async@~1.0.0:
  version "1.0.0"
  resolved "https://registry.yarnpkg.com/async/-/async-1.0.0.tgz#f8fc04ca3a13784ade9e1641af98578cfbd647a9"
  integrity sha1-+PwEyjoTeErenhZBr5hXjPvWR6k=

bl@^1.0.0:
  version "1.2.2"
  resolved "https://registry.yarnpkg.com/bl/-/bl-1.2.2.tgz#a160911717103c07410cef63ef51b397c025af9c"
  integrity sha512-e8tQYnZodmebYDWGH7KMRvtzKXaJHx3BbilrgZCfvyLUYdKpK1t5PSPmpkny/SgiTSCnjfLW7v5rlONXVFkQEA==
  dependencies:
    readable-stream "^2.3.5"
    safe-buffer "^5.1.1"

buffer-alloc-unsafe@^1.1.0:
  version "1.1.0"
  resolved "https://registry.yarnpkg.com/buffer-alloc-unsafe/-/buffer-alloc-unsafe-1.1.0.tgz#bd7dc26ae2972d0eda253be061dba992349c19f0"
  integrity sha512-TEM2iMIEQdJ2yjPJoSIsldnleVaAk1oW3DBVUykyOLsEsFmEc9kn+SFFPz+gl54KQNxlDnAwCXosOS9Okx2xAg==

buffer-alloc@^1.2.0:
  version "1.2.0"
  resolved "https://registry.yarnpkg.com/buffer-alloc/-/buffer-alloc-1.2.0.tgz#890dd90d923a873e08e10e5fd51a57e5b7cce0ec"
  integrity sha512-CFsHQgjtW1UChdXgbyJGtnm+O/uLQeZdtbDo8mfUgYXCHSM1wgrVxXm6bSyrUuErEb+4sYVGCzASBRot7zyrow==
  dependencies:
    buffer-alloc-unsafe "^1.1.0"
    buffer-fill "^1.0.0"

buffer-fill@^1.0.0:
  version "1.0.0"
  resolved "https://registry.yarnpkg.com/buffer-fill/-/buffer-fill-1.0.0.tgz#f8f78b76789888ef39f205cd637f68e702122b2c"
  integrity sha1-+PeLdniYiO858gXNY39o5wISKyw=

buffer-from@^1.0.0:
  version "1.1.1"
  resolved "https://registry.yarnpkg.com/buffer-from/-/buffer-from-1.1.1.tgz#32713bc028f75c02fdb710d7c7bcec1f2c6070ef"
  integrity sha512-MQcXEUbCKtEo7bhqEs6560Hyd4XaovZlO/k9V3hjVUF/zwW7KBVdSK4gIt/bzwS9MbR5qob+F5jusZsb0YQK2A==

chownr@^1.0.1:
  version "1.1.1"
  resolved "https://registry.yarnpkg.com/chownr/-/chownr-1.1.1.tgz#54726b8b8fff4df053c42187e801fb4412df1494"
  integrity sha512-j38EvO5+LHX84jlo6h4UzmOwi0UgW61WRyPtJz4qaadK5eY3BTS5TY/S1Stc3Uk2lIM6TPevAlULiEJwie860g==

colors@1.0.x:
  version "1.0.3"
  resolved "https://registry.yarnpkg.com/colors/-/colors-1.0.3.tgz#0433f44d809680fdeb60ed260f1b0c262e82a40b"
  integrity sha1-BDP0TYCWgP3rYO0mDxsMJi6CpAs=

commander@~2.9.0:
  version "2.9.0"
  resolved "https://registry.yarnpkg.com/commander/-/commander-2.9.0.tgz#9c99094176e12240cb22d6c5146098400fe0f7d4"
  integrity sha1-nJkJQXbhIkDLItbFFGCYQA/g99Q=
  dependencies:
    graceful-readlink ">= 1.0.0"

concat-stream@~1.6.2:
  version "1.6.2"
  resolved "https://registry.yarnpkg.com/concat-stream/-/concat-stream-1.6.2.tgz#904bdf194cd3122fc675c77fc4ac3d4ff0fd1a34"
  integrity sha512-27HBghJxjiZtIk3Ycvn/4kbJk/1uZuJFfuPEns6LaEvpvG1f0hTea8lilrouyo9mVc2GWdcEZ8OLoGmSADlrCw==
  dependencies:
    buffer-from "^1.0.0"
    inherits "^2.0.3"
    readable-stream "^2.2.2"
    typedarray "^0.0.6"

core-util-is@~1.0.0:
  version "1.0.2"
  resolved "https://registry.yarnpkg.com/core-util-is/-/core-util-is-1.0.2.tgz#b5fd54220aa2bc5ab57aab7140c940754503c1a7"
  integrity sha1-tf1UIgqivFq1eqtxQMlAdUUDwac=

cycle@1.0.x:
  version "1.0.3"
  resolved "https://registry.yarnpkg.com/cycle/-/cycle-1.0.3.tgz#21e80b2be8580f98b468f379430662b046c34ad2"
  integrity sha1-IegLK+hYD5i0aPN5QwZisEbDStI=

debug@^3.2.6:
  version "3.2.6"
  resolved "https://registry.yarnpkg.com/debug/-/debug-3.2.6.tgz#e83d17de16d8a7efb7717edbe5fb10135eee629b"
  integrity sha512-mel+jf7nrtEl5Pn1Qx46zARXKDpBbvzezse7p7LqINmdoIk8PYP5SySaxEmYv6TZ0JyEKA1hsCId6DIhgITtWQ==
  dependencies:
    ms "^2.1.1"

docker-modem@^1.0.8:
  version "1.0.9"
  resolved "https://registry.yarnpkg.com/docker-modem/-/docker-modem-1.0.9.tgz#a1f13e50e6afb6cf3431b2d5e7aac589db6aaba8"
  integrity sha512-lVjqCSCIAUDZPAZIeyM125HXfNvOmYYInciphNrLrylUtKyW66meAjSPXWchKVzoIYZx69TPnAepVSSkeawoIw==
  dependencies:
    JSONStream "1.3.2"
    debug "^3.2.6"
    readable-stream "~1.0.26-4"
    split-ca "^1.0.0"

dockerfile_lint@^0.3.3:
  version "0.3.3"
  resolved "https://registry.yarnpkg.com/dockerfile_lint/-/dockerfile_lint-0.3.3.tgz#c7ce6b4b1248bd30132571901cc7c820e23bb294"
  integrity sha512-6jIECTJzJ6vMgUTOb83He9AYu7oI6SWuDS/zxRbrRYtJrOiTitVDVkNhJrIN7iFSN1SEkKsd2YA3FGupI/E3iA==
  dependencies:
    commander "~2.9.0"
    dockerode "^2.2.9"
    js-yaml "~3.2.2"
    lodash "^2.4.2"
    winston "^2.1.1"

dockerlint@^0.3.9:
  version "0.3.9"
  resolved "https://registry.yarnpkg.com/dockerlint/-/dockerlint-0.3.9.tgz#2cc4965a85162d437bf077d509d64a3fb99bbce1"
  integrity sha512-gps1IlRWx0hqhG7qZNYoF/Ae8wpnnPDGV0eYC60FdH2UscS4hZ+NFYX3Pusj/GImjLD/Pxkp/wib7CBb63yzZw==
  dependencies:
    sty "^0.6.1"
    subarg "^1.0.0"

dockerode@^2.2.9:
  version "2.5.8"
  resolved "https://registry.yarnpkg.com/dockerode/-/dockerode-2.5.8.tgz#1b661e36e1e4f860e25f56e0deabe9f87f1d0acc"
  integrity sha512-+7iOUYBeDTScmOmQqpUYQaE7F4vvIt6+gIZNHWhqAQEI887tiPFB9OvXI/HzQYqfUNvukMK+9myLW63oTJPZpw==
  dependencies:
    concat-stream "~1.6.2"
    docker-modem "^1.0.8"
    tar-fs "~1.16.3"

end-of-stream@^1.0.0, end-of-stream@^1.1.0:
  version "1.4.1"
  resolved "https://registry.yarnpkg.com/end-of-stream/-/end-of-stream-1.4.1.tgz#ed29634d19baba463b6ce6b80a37213eab71ec43"
  integrity sha512-1MkrZNvWTKCaigbn+W15elq2BB/L22nqrSY5DKlo3X6+vclJm8Bb5djXJBmEX6fS3+zCh/F4VBK5Z2KxJt4s2Q==
  dependencies:
    once "^1.4.0"

"esprima@~ 2.0.0":
  version "2.0.0"
  resolved "https://registry.yarnpkg.com/esprima/-/esprima-2.0.0.tgz#609ac5c2667eae5433b41eb9ecece2331b41498f"
  integrity sha1-YJrFwmZ+rlQztB657OziMxtBSY8=

eyes@0.1.x:
  version "0.1.8"
  resolved "https://registry.yarnpkg.com/eyes/-/eyes-0.1.8.tgz#62cf120234c683785d902348a800ef3e0cc20bc0"
  integrity sha1-Ys8SAjTGg3hdkCNIqADvPgzCC8A=

fs-constants@^1.0.0:
  version "1.0.0"
  resolved "https://registry.yarnpkg.com/fs-constants/-/fs-constants-1.0.0.tgz#6be0de9be998ce16af8afc24497b9ee9b7ccd9ad"
  integrity sha512-y6OAwoSIf7FyjMIv94u+b5rdheZEjzR63GTyZJm5qh4Bi+2YgwLCcI/fPFZkL5PSixOt6ZNKm+w+Hfp/Bciwow==

"graceful-readlink@>= 1.0.0":
  version "1.0.1"
  resolved "https://registry.yarnpkg.com/graceful-readlink/-/graceful-readlink-1.0.1.tgz#4cafad76bc62f02fa039b2f94e9a3dd3a391a725"
  integrity sha1-TK+tdrxi8C+gObL5Tpo906ORpyU=

inherits@^2.0.3, inherits@~2.0.1, inherits@~2.0.3:
  version "2.0.3"
  resolved "https://registry.yarnpkg.com/inherits/-/inherits-2.0.3.tgz#633c2c83e3da42a502f52466022480f4208261de"
  integrity sha1-Yzwsg+PaQqUC9SRmAiSA9CCCYd4=

isarray@0.0.1:
  version "0.0.1"
  resolved "https://registry.yarnpkg.com/isarray/-/isarray-0.0.1.tgz#8a18acfca9a8f4177e09abfc6038939b05d1eedf"
  integrity sha1-ihis/Kmo9Bd+Cav8YDiTmwXR7t8=

isarray@~1.0.0:
  version "1.0.0"
  resolved "https://registry.yarnpkg.com/isarray/-/isarray-1.0.0.tgz#bb935d48582cba168c06834957a54a3e07124f11"
  integrity sha1-u5NdSFgsuhaMBoNJV6VKPgcSTxE=

isstream@0.1.x:
  version "0.1.2"
  resolved "https://registry.yarnpkg.com/isstream/-/isstream-0.1.2.tgz#47e63f7af55afa6f92e1500e690eb8b8529c099a"
  integrity sha1-R+Y/evVa+m+S4VAOaQ64uFKcCZo=

js-yaml@~3.2.2:
  version "3.2.7"
  resolved "https://registry.yarnpkg.com/js-yaml/-/js-yaml-3.2.7.tgz#102790f265d986fe95a4d0f2a792e7a7bd886eec"
  integrity sha1-ECeQ8mXZhv6VpNDyp5Lnp72Ibuw=
  dependencies:
    argparse "~ 1.0.0"
    esprima "~ 2.0.0"

jsonparse@^1.2.0:
  version "1.3.1"
  resolved "https://registry.yarnpkg.com/jsonparse/-/jsonparse-1.3.1.tgz#3f4dae4a91fac315f71062f8521cc239f1366280"
  integrity sha1-P02uSpH6wxX3EGL4UhzCOfE2YoA=

lodash@^2.4.2:
  version "2.4.2"
  resolved "https://registry.yarnpkg.com/lodash/-/lodash-2.4.2.tgz#fadd834b9683073da179b3eae6d9c0d15053f73e"
  integrity sha1-+t2DS5aDBz2hebPq5tnA0VBT9z4=

minimist@0.0.8:
  version "0.0.8"
  resolved "https://registry.yarnpkg.com/minimist/-/minimist-0.0.8.tgz#857fcabfc3397d2625b8228262e86aa7a011b05d"
  integrity sha1-hX/Kv8M5fSYluCKCYuhqp6ARsF0=

minimist@^1.1.0:
  version "1.2.0"
  resolved "https://registry.yarnpkg.com/minimist/-/minimist-1.2.0.tgz#a35008b20f41383eec1fb914f4cd5df79a264284"
  integrity sha1-o1AIsg9BOD7sH7kU9M1d95omQoQ=

mkdirp@^0.5.1:
  version "0.5.1"
  resolved "https://registry.yarnpkg.com/mkdirp/-/mkdirp-0.5.1.tgz#30057438eac6cf7f8c4767f38648d6697d75c903"
  integrity sha1-MAV0OOrGz3+MR2fzhkjWaX11yQM=
  dependencies:
    minimist "0.0.8"

ms@^2.1.1:
  version "2.1.1"
  resolved "https://registry.yarnpkg.com/ms/-/ms-2.1.1.tgz#30a5864eb3ebb0a66f2ebe6d727af06a09d86e0a"
  integrity sha512-tgp+dl5cGk28utYktBsrFqA7HKgrhgPsg6Z/EfhWI4gl1Hwq8B/GmY/0oXZ6nF8hDVesS/FpnYaD/kOWhYQvyg==

once@^1.3.1, once@^1.4.0:
  version "1.4.0"
  resolved "https://registry.yarnpkg.com/once/-/once-1.4.0.tgz#583b1aa775961d4b113ac17d9c50baef9dd76bd1"
  integrity sha1-WDsap3WWHUsROsF9nFC6753Xa9E=
  dependencies:
    wrappy "1"

process-nextick-args@~2.0.0:
  version "2.0.0"
  resolved "https://registry.yarnpkg.com/process-nextick-args/-/process-nextick-args-2.0.0.tgz#a37d732f4271b4ab1ad070d35508e8290788ffaa"
  integrity sha512-MtEC1TqN0EU5nephaJ4rAtThHtC86dNN9qCuEhtshvpVBkAW5ZO7BASN9REnF9eoXGcRub+pFuKEpOHE+HbEMw==

pump@^1.0.0:
  version "1.0.3"
  resolved "https://registry.yarnpkg.com/pump/-/pump-1.0.3.tgz#5dfe8311c33bbf6fc18261f9f34702c47c08a954"
  integrity sha512-8k0JupWme55+9tCVE+FS5ULT3K6AbgqrGa58lTT49RpyfwwcGedHqaC5LlQNdEAumn/wFsu6aPwkuPMioy8kqw==
  dependencies:
    end-of-stream "^1.1.0"
    once "^1.3.1"

readable-stream@^2.2.2, readable-stream@^2.3.0, readable-stream@^2.3.5:
  version "2.3.6"
  resolved "https://registry.yarnpkg.com/readable-stream/-/readable-stream-2.3.6.tgz#b11c27d88b8ff1fbe070643cf94b0c79ae1b0aaf"
  integrity sha512-tQtKA9WIAhBF3+VLAseyMqZeBjW0AHJoxOtYqSUZNJxauErmLbVm2FW1y+J/YA9dUrAC39ITejlZWhVIwawkKw==
  dependencies:
    core-util-is "~1.0.0"
    inherits "~2.0.3"
    isarray "~1.0.0"
    process-nextick-args "~2.0.0"
    safe-buffer "~5.1.1"
    string_decoder "~1.1.1"
    util-deprecate "~1.0.1"

readable-stream@~1.0.26-4:
  version "1.0.34"
  resolved "https://registry.yarnpkg.com/readable-stream/-/readable-stream-1.0.34.tgz#125820e34bc842d2f2aaafafe4c2916ee32c157c"
  integrity sha1-Elgg40vIQtLyqq+v5MKRbuMsFXw=
  dependencies:
    core-util-is "~1.0.0"
    inherits "~2.0.1"
    isarray "0.0.1"
    string_decoder "~0.10.x"

safe-buffer@^5.1.1, safe-buffer@~5.1.0, safe-buffer@~5.1.1:
  version "5.1.2"
  resolved "https://registry.yarnpkg.com/safe-buffer/-/safe-buffer-5.1.2.tgz#991ec69d296e0313747d59bdfd2b745c35f8828d"
  integrity sha512-Gd2UZBJDkXlY7GbJxfsE8/nvKkUEU1G38c1siN6QP6a9PT9MmHB8GnpscSmMJSoF8LOIrt8ud/wPtojys4G6+g==

split-ca@^1.0.0:
  version "1.0.1"
  resolved "https://registry.yarnpkg.com/split-ca/-/split-ca-1.0.1.tgz#6c83aff3692fa61256e0cd197e05e9de157691a6"
  integrity sha1-bIOv82kvphJW4M0ZfgXp3hV2kaY=

sprintf-js@~1.0.2:
  version "1.0.3"
  resolved "https://registry.yarnpkg.com/sprintf-js/-/sprintf-js-1.0.3.tgz#04e6926f662895354f3dd015203633b857297e2c"
  integrity sha1-BOaSb2YolTVPPdAVIDYzuFcpfiw=

stack-trace@0.0.x:
  version "0.0.10"
  resolved "https://registry.yarnpkg.com/stack-trace/-/stack-trace-0.0.10.tgz#547c70b347e8d32b4e108ea1a2a159e5fdde19c0"
  integrity sha1-VHxws0fo0ytOEI6hoqFZ5f3eGcA=

string_decoder@~0.10.x:
  version "0.10.31"
  resolved "https://registry.yarnpkg.com/string_decoder/-/string_decoder-0.10.31.tgz#62e203bc41766c6c28c9fc84301dab1c5310fa94"
  integrity sha1-YuIDvEF2bGwoyfyEMB2rHFMQ+pQ=

string_decoder@~1.1.1:
  version "1.1.1"
  resolved "https://registry.yarnpkg.com/string_decoder/-/string_decoder-1.1.1.tgz#9cf1611ba62685d7030ae9e4ba34149c3af03fc8"
  integrity sha512-n/ShnvDi6FHbbVfviro+WojiFzv+s8MPMHBczVePfUpDJLwoLT0ht1l4YwBCbi8pJAveEEdnkHyPyTP/mzRfwg==
  dependencies:
    safe-buffer "~5.1.0"

sty@^0.6.1:
  version "0.6.1"
  resolved "https://registry.yarnpkg.com/sty/-/sty-0.6.1.tgz#de3fb9ae570bc60a7447245f0dec31213ea2d5a8"
  integrity sha1-3j+5rlcLxgp0RyRfDewxIT6i1ag=

subarg@^1.0.0:
  version "1.0.0"
  resolved "https://registry.yarnpkg.com/subarg/-/subarg-1.0.0.tgz#f62cf17581e996b48fc965699f54c06ae268b8d2"
  integrity sha1-9izxdYHplrSPyWVpn1TAauJouNI=
  dependencies:
    minimist "^1.1.0"

tar-fs@~1.16.3:
  version "1.16.3"
  resolved "https://registry.yarnpkg.com/tar-fs/-/tar-fs-1.16.3.tgz#966a628841da2c4010406a82167cbd5e0c72d509"
  integrity sha512-NvCeXpYx7OsmOh8zIOP/ebG55zZmxLE0etfWRbWok+q2Qo8x/vOR/IJT1taADXPe+jsiu9axDb3X4B+iIgNlKw==
  dependencies:
    chownr "^1.0.1"
    mkdirp "^0.5.1"
    pump "^1.0.0"
    tar-stream "^1.1.2"

tar-stream@^1.1.2:
  version "1.6.2"
  resolved "https://registry.yarnpkg.com/tar-stream/-/tar-stream-1.6.2.tgz#8ea55dab37972253d9a9af90fdcd559ae435c555"
  integrity sha512-rzS0heiNf8Xn7/mpdSVVSMAWAoy9bfb1WOTYC78Z0UQKeKa/CWS8FOq0lKGNa8DWKAn9gxjCvMLYc5PGXYlK2A==
  dependencies:
    bl "^1.0.0"
    buffer-alloc "^1.2.0"
    end-of-stream "^1.0.0"
    fs-constants "^1.0.0"
    readable-stream "^2.3.0"
    to-buffer "^1.1.1"
    xtend "^4.0.0"

"through@>=2.2.7 <3":
  version "2.3.8"
  resolved "https://registry.yarnpkg.com/through/-/through-2.3.8.tgz#0dd4c9ffaabc357960b1b724115d7e0e86a2e1f5"
  integrity sha1-DdTJ/6q8NXlgsbckEV1+Doai4fU=

to-buffer@^1.1.1:
  version "1.1.1"
  resolved "https://registry.yarnpkg.com/to-buffer/-/to-buffer-1.1.1.tgz#493bd48f62d7c43fcded313a03dcadb2e1213a80"
  integrity sha512-lx9B5iv7msuFYE3dytT+KE5tap+rNYw+K4jVkb9R/asAb+pbBSM17jtunHplhBe6RRJdZx3Pn2Jph24O32mOVg==

typedarray@^0.0.6:
  version "0.0.6"
  resolved "https://registry.yarnpkg.com/typedarray/-/typedarray-0.0.6.tgz#867ac74e3864187b1d3d47d996a78ec5c8830777"
  integrity sha1-hnrHTjhkGHsdPUfZlqeOxciDB3c=

util-deprecate@~1.0.1:
  version "1.0.2"
  resolved "https://registry.yarnpkg.com/util-deprecate/-/util-deprecate-1.0.2.tgz#450d4dc9fa70de732762fbd2d4a28981419a0ccf"
  integrity sha1-RQ1Nyfpw3nMnYvvS1KKJgUGaDM8=

winston@^2.1.1:
  version "2.4.4"
  resolved "https://registry.yarnpkg.com/winston/-/winston-2.4.4.tgz#a01e4d1d0a103cf4eada6fc1f886b3110d71c34b"
  integrity sha512-NBo2Pepn4hK4V01UfcWcDlmiVTs7VTB1h7bgnB0rgP146bYhMxX0ypCz3lBOfNxCO4Zuek7yeT+y/zM1OfMw4Q==
  dependencies:
    async "~1.0.0"
    colors "1.0.x"
    cycle "1.0.x"
    eyes "0.1.x"
    isstream "0.1.x"
    stack-trace "0.0.x"

wrappy@1:
  version "1.0.2"
  resolved "https://registry.yarnpkg.com/wrappy/-/wrappy-1.0.2.tgz#b5243d8f3ec1aa35f1364605bc0d1036e30ab69f"
  integrity sha1-tSQ9jz7BqjXxNkYFvA0QNuMKtp8=

xtend@^4.0.0:
  version "4.0.1"
  resolved "https://registry.yarnpkg.com/xtend/-/xtend-4.0.1.tgz#a5c6d532be656e23db820efb943a1f04998d63af"
  integrity sha1-pcbVMr5lbiPbgg77lDofBJmNY68=
